{
  "name": "TCMB_Dev_VSCode",
  "lockfileVersion": 3,
  "requires": true,
  "packages": {
    "": {
      "dependencies": {
        "@minecraft/server": "^1.5.0",
        "@minecraft/server-ui": "^1.1.0"
      }
    },
    "node_modules/@minecraft/server": {
      "version": "1.5.0",
      "resolved": "https://registry.npmjs.org/@minecraft/server/-/server-1.5.0.tgz",
      "integrity": "sha512-4R50srYzksXaOXZp1M4RkQ9KMw26F3Y3YC+YEInFpIjVmQr9OEitAgjUm4+mmIRwxuh7JsuBcE5yinDpYx59/g=="
    },
    "node_modules/@minecraft/server-ui": {
      "version": "1.1.0",
      "resolved": "https://registry.npmjs.org/@minecraft/server-ui/-/server-ui-1.1.0.tgz",
      "integrity": "sha512-Gnf+GHjjT4VFoXEt7qjrfDRipDgc93YcXbgTmdPTQ5Og3DIRD003ahH97tGMZmeNdsB+ymvAquf+o2o9W2pDjw==",
      "dependencies": {
        "@minecraft/server": "^1.2.0"
      }
    }
  }
}
